
Microsoft Visual Studio Solution File, Format Version 12.00
# Visual Studio Version 16
VisualStudioVersion = 16.0.31727.386
MinimumVisualStudioVersion = 10.0.40219.1
Project("{8BC9CEB8-8B4A-11D0-8D11-00A0C91BC942}") = "cpC", "cpC\cpC.vcxproj", "{051B53C0-FF25-4B2A-9CD4-F63983F7450D}"
EndProject
Global
	GlobalSection(SolutionConfigurationPlatforms) = preSolution
		Debug|x64 = Debug|x64
		Debug|x86 = Debug|x86
		Release|x64 = Release|x64
		Release|x86 = Release|x86
	EndGlobalSection
	GlobalSection(ProjectConfigurationPlatforms) = postSolution
		{051B53C0-FF25-4B2A-9CD4-F63983F7450D}.Debug|x64.ActiveCfg = Debug|x64
		{051B53C0-FF25-4B2A-9CD4-F63983F7450D}.Debug|x64.Build.0 = Debug|x64
		{051B53C0-FF25-4B2A-9CD4-F63983F7450D}.Debug|x86.ActiveCfg = Debug|Win32
		{051B53C0-FF25-4B2A-9CD4-F63983F7450D}.Debug|x86.Build.0 = Debug|Win32
		{051B53C0-FF25-4B2A-9CD4-F63983F7450D}.Release|x64.ActiveCfg = Release|x64
		{051B53C0-FF25-4B2A-9CD4-F63983F7450D}.Release|x64.Build.0 = Release|x64
		{051B53C0-FF25-4B2A-9CD4-F63983F7450D}.Release|x86.ActiveCfg = Release|Win32
		{051B53C0-FF25-4B2A-9CD4-F63983F7450D}.Release|x86.Build.0 = Release|Win32
	EndGlobalSection
	GlobalSection(SolutionProperties) = preSolution
		HideSolutionNode = FALSE
	EndGlobalSection
	GlobalSection(ExtensibilityGlobals) = postSolution
		SolutionGuid = {ED062EEA-224B-4EB6-A72A-A0B885A66D6C}
	EndGlobalSection
EndGlobal
