
Microsoft Visual Studio Solution File, Format Version 12.00
# Visual Studio Version 16
VisualStudioVersion = 16.0.31702.278
MinimumVisualStudioVersion = 10.0.40219.1
Project("{8BC9CEB8-8B4A-11D0-8D11-00A0C91BC942}") = "Controlnaya", "Controlnaya.vcxproj", "{B6A41018-676B-4B8F-A03B-2465B33E5C3A}"
EndProject
Global
	GlobalSection(SolutionConfigurationPlatforms) = preSolution
		Debug|x64 = Debug|x64
		Debug|x86 = Debug|x86
		Release|x64 = Release|x64
		Release|x86 = Release|x86
	EndGlobalSection
	GlobalSection(ProjectConfigurationPlatforms) = postSolution
		{B6A41018-676B-4B8F-A03B-2465B33E5C3A}.Debug|x64.ActiveCfg = Debug|x64
		{B6A41018-676B-4B8F-A03B-2465B33E5C3A}.Debug|x64.Build.0 = Debug|x64
		{B6A41018-676B-4B8F-A03B-2465B33E5C3A}.Debug|x86.ActiveCfg = Debug|Win32
		{B6A41018-676B-4B8F-A03B-2465B33E5C3A}.Debug|x86.Build.0 = Debug|Win32
		{B6A41018-676B-4B8F-A03B-2465B33E5C3A}.Release|x64.ActiveCfg = Release|x64
		{B6A41018-676B-4B8F-A03B-2465B33E5C3A}.Release|x64.Build.0 = Release|x64
		{B6A41018-676B-4B8F-A03B-2465B33E5C3A}.Release|x86.ActiveCfg = Release|Win32
		{B6A41018-676B-4B8F-A03B-2465B33E5C3A}.Release|x86.Build.0 = Release|Win32
	EndGlobalSection
	GlobalSection(SolutionProperties) = preSolution
		HideSolutionNode = FALSE
	EndGlobalSection
	GlobalSection(ExtensibilityGlobals) = postSolution
		SolutionGuid = {4A5F94FA-D2E8-4328-89B2-ED3EBB1A7538}
	EndGlobalSection
EndGlobal
